
Microsoft Visual Studio Solution File, Format Version 12.00
# Visual Studio Version 17
VisualStudioVersion = 17.0.31903.59
MinimumVisualStudioVersion = 10.0.40219.1
Project("{FAE04EC0-301F-11D3-BF4B-00C04F79EFBC}") = "DevOpsWebApp1", "DevOpsWebApp1\DevOpsWebApp1.csproj", "{223687E1-BE5D-4F77-ADAA-217425BF7E2A}"
EndProject
Global
	GlobalSection(SolutionConfigurationPlatforms) = preSolution
		Debug|Any CPU = Debug|Any CPU
		Release|Any CPU = Release|Any CPU
	EndGlobalSection
	GlobalSection(ProjectConfigurationPlatforms) = postSolution
		{223687E1-BE5D-4F77-ADAA-217425BF7E2A}.Debug|Any CPU.ActiveCfg = Debug|Any CPU
		{223687E1-BE5D-4F77-ADAA-217425BF7E2A}.Debug|Any CPU.Build.0 = Debug|Any CPU
		{223687E1-BE5D-4F77-ADAA-217425BF7E2A}.Release|Any CPU.ActiveCfg = Release|Any CPU
		{223687E1-BE5D-4F77-ADAA-217425BF7E2A}.Release|Any CPU.Build.0 = Release|Any CPU
	EndGlobalSection
	GlobalSection(SolutionProperties) = preSolution
		HideSolutionNode = FALSE
	EndGlobalSection
	GlobalSection(ExtensibilityGlobals) = postSolution
		SolutionGuid = {88FDB503-D5ED-4E5F-9D50-4679B6A45148}
	EndGlobalSection
EndGlobal
